
Microsoft Visual Studio Solution File, Format Version 12.00
# Visual Studio Version 17
VisualStudioVersion = 17.0.32112.339
MinimumVisualStudioVersion = 10.0.40219.1
Project("{FAE04EC0-301F-11D3-BF4B-00C04F79EFBC}") = "MultipleScreens", "MultipleScreens\MultipleScreens.csproj", "{418A0338-1D50-429B-91AE-004B6201797C}"
EndProject
Global
	GlobalSection(SolutionConfigurationPlatforms) = preSolution
		Debug|Any CPU = Debug|Any CPU
		Release|Any CPU = Release|Any CPU
	EndGlobalSection
	GlobalSection(ProjectConfigurationPlatforms) = postSolution
		{418A0338-1D50-429B-91AE-004B6201797C}.Debug|Any CPU.ActiveCfg = Debug|Any CPU
		{418A0338-1D50-429B-91AE-004B6201797C}.Debug|Any CPU.Build.0 = Debug|Any CPU
		{418A0338-1D50-429B-91AE-004B6201797C}.Release|Any CPU.ActiveCfg = Release|Any CPU
		{418A0338-1D50-429B-91AE-004B6201797C}.Release|Any CPU.Build.0 = Release|Any CPU
	EndGlobalSection
	GlobalSection(SolutionProperties) = preSolution
		HideSolutionNode = FALSE
	EndGlobalSection
	GlobalSection(ExtensibilityGlobals) = postSolution
		SolutionGuid = {63EF563B-AF4C-47B7-8D54-D0E532E21950}
	EndGlobalSection
EndGlobal
